
Microsoft Visual Studio Solution File, Format Version 12.00
# Visual Studio Version 16
VisualStudioVersion = 16.0.31729.503
MinimumVisualStudioVersion = 10.0.40219.1
Project("{FAE04EC0-301F-11D3-BF4B-00C04F79EFBC}") = "test-games-api", "test-games-api.csproj", "{3408BC2B-36F9-462F-90D4-D9E9C964025E}"
EndProject
Global
	GlobalSection(SolutionConfigurationPlatforms) = preSolution
		Debug|Any CPU = Debug|Any CPU
		Release|Any CPU = Release|Any CPU
	EndGlobalSection
	GlobalSection(ProjectConfigurationPlatforms) = postSolution
		{3408BC2B-36F9-462F-90D4-D9E9C964025E}.Debug|Any CPU.ActiveCfg = Debug|Any CPU
		{3408BC2B-36F9-462F-90D4-D9E9C964025E}.Debug|Any CPU.Build.0 = Debug|Any CPU
		{3408BC2B-36F9-462F-90D4-D9E9C964025E}.Release|Any CPU.ActiveCfg = Release|Any CPU
		{3408BC2B-36F9-462F-90D4-D9E9C964025E}.Release|Any CPU.Build.0 = Release|Any CPU
	EndGlobalSection
	GlobalSection(SolutionProperties) = preSolution
		HideSolutionNode = FALSE
	EndGlobalSection
	GlobalSection(ExtensibilityGlobals) = postSolution
		SolutionGuid = {B0045CDB-CE6D-4513-8BC4-35FF010AE748}
	EndGlobalSection
EndGlobal
